
Microsoft Visual Studio Solution File, Format Version 12.00
# Visual Studio 14
VisualStudioVersion = 14.0.25420.1
MinimumVisualStudioVersion = 10.0.40219.1
Project("{8BC9CEB8-8B4A-11D0-8D11-00A0C91BC942}") = "2-1Project", "2-1Project\2-1Project.vcxproj", "{F0B8C316-2F00-4E53-9281-C5B17BEE2D72}"
EndProject
Project("{8BC9CEB8-8B4A-11D0-8D11-00A0C91BC942}") = "2-1-OpenCV3-2-0", "2-1-OpenCV3-2-0\2-1-OpenCV3-2-0.vcxproj", "{48FA5A45-B1A4-4512-97C4-C492040FDDD6}"
EndProject
Global
	GlobalSection(SolutionConfigurationPlatforms) = preSolution
		Debug|x64 = Debug|x64
		Debug|x86 = Debug|x86
		Release|x64 = Release|x64
		Release|x86 = Release|x86
	EndGlobalSection
	GlobalSection(ProjectConfigurationPlatforms) = postSolution
		{F0B8C316-2F00-4E53-9281-C5B17BEE2D72}.Debug|x64.ActiveCfg = Debug|x64
		{F0B8C316-2F00-4E53-9281-C5B17BEE2D72}.Debug|x64.Build.0 = Debug|x64
		{F0B8C316-2F00-4E53-9281-C5B17BEE2D72}.Debug|x86.ActiveCfg = Debug|Win32
		{F0B8C316-2F00-4E53-9281-C5B17BEE2D72}.Debug|x86.Build.0 = Debug|Win32
		{F0B8C316-2F00-4E53-9281-C5B17BEE2D72}.Release|x64.ActiveCfg = Release|x64
		{F0B8C316-2F00-4E53-9281-C5B17BEE2D72}.Release|x64.Build.0 = Release|x64
		{F0B8C316-2F00-4E53-9281-C5B17BEE2D72}.Release|x86.ActiveCfg = Release|Win32
		{F0B8C316-2F00-4E53-9281-C5B17BEE2D72}.Release|x86.Build.0 = Release|Win32
		{48FA5A45-B1A4-4512-97C4-C492040FDDD6}.Debug|x64.ActiveCfg = Debug|x64
		{48FA5A45-B1A4-4512-97C4-C492040FDDD6}.Debug|x64.Build.0 = Debug|x64
		{48FA5A45-B1A4-4512-97C4-C492040FDDD6}.Debug|x86.ActiveCfg = Debug|Win32
		{48FA5A45-B1A4-4512-97C4-C492040FDDD6}.Debug|x86.Build.0 = Debug|Win32
		{48FA5A45-B1A4-4512-97C4-C492040FDDD6}.Release|x64.ActiveCfg = Release|x64
		{48FA5A45-B1A4-4512-97C4-C492040FDDD6}.Release|x64.Build.0 = Release|x64
		{48FA5A45-B1A4-4512-97C4-C492040FDDD6}.Release|x86.ActiveCfg = Release|Win32
		{48FA5A45-B1A4-4512-97C4-C492040FDDD6}.Release|x86.Build.0 = Release|Win32
	EndGlobalSection
	GlobalSection(SolutionProperties) = preSolution
		HideSolutionNode = FALSE
	EndGlobalSection
EndGlobal
